
Microsoft Visual Studio Solution File, Format Version 12.00
# Visual Studio Version 16
VisualStudioVersion = 16.0.29503.13
MinimumVisualStudioVersion = 10.0.40219.1
Project("{F184B08F-C81C-45F6-A57F-5ABD9991F28F}") = "RelayPLC-CSV-Tamping-Trouble", "RelayPLC-CSV-Tamping-Trouble\RelayPLC-CSV-Tamping-Trouble.vbproj", "{512BF524-163F-4D2D-8304-AB3709C475F6}"
EndProject
Project("{F184B08F-C81C-45F6-A57F-5ABD9991F28F}") = "RelayPLC-CSV-Tamping-Quality", "RelayPLC-CSV-Tamping-Quality\RelayPLC-CSV-Tamping-Quality.vbproj", "{E54A752D-EBF7-4CE9-9B30-B1F0B3E54B21}"
EndProject
Project("{F184B08F-C81C-45F6-A57F-5ABD9991F28F}") = "RelayPLC-CSV-Finishing-Quality", "RelayPLC-CSV-Finishing-Quality\RelayPLC-CSV-Finishing-Quality.vbproj", "{BC52FD15-0558-4261-A694-087BC42C80EB}"
EndProject
Project("{F184B08F-C81C-45F6-A57F-5ABD9991F28F}") = "RelayPLC-CSV-Finishing-Trouble", "RelayPLC-CSV-Finishing-Trouble\RelayPLC-CSV-Finishing-Trouble.vbproj", "{B30CF85B-D219-4314-AB22-76E5ACD429F1}"
EndProject
Global
	GlobalSection(SolutionConfigurationPlatforms) = preSolution
		Debug|Any CPU = Debug|Any CPU
		Release|Any CPU = Release|Any CPU
	EndGlobalSection
	GlobalSection(ProjectConfigurationPlatforms) = postSolution
		{512BF524-163F-4D2D-8304-AB3709C475F6}.Debug|Any CPU.ActiveCfg = Debug|Any CPU
		{512BF524-163F-4D2D-8304-AB3709C475F6}.Debug|Any CPU.Build.0 = Debug|Any CPU
		{512BF524-163F-4D2D-8304-AB3709C475F6}.Release|Any CPU.ActiveCfg = Release|Any CPU
		{512BF524-163F-4D2D-8304-AB3709C475F6}.Release|Any CPU.Build.0 = Release|Any CPU
		{E54A752D-EBF7-4CE9-9B30-B1F0B3E54B21}.Debug|Any CPU.ActiveCfg = Debug|Any CPU
		{E54A752D-EBF7-4CE9-9B30-B1F0B3E54B21}.Debug|Any CPU.Build.0 = Debug|Any CPU
		{E54A752D-EBF7-4CE9-9B30-B1F0B3E54B21}.Release|Any CPU.ActiveCfg = Release|Any CPU
		{E54A752D-EBF7-4CE9-9B30-B1F0B3E54B21}.Release|Any CPU.Build.0 = Release|Any CPU
		{BC52FD15-0558-4261-A694-087BC42C80EB}.Debug|Any CPU.ActiveCfg = Debug|Any CPU
		{BC52FD15-0558-4261-A694-087BC42C80EB}.Debug|Any CPU.Build.0 = Debug|Any CPU
		{BC52FD15-0558-4261-A694-087BC42C80EB}.Release|Any CPU.ActiveCfg = Release|Any CPU
		{BC52FD15-0558-4261-A694-087BC42C80EB}.Release|Any CPU.Build.0 = Release|Any CPU
		{B30CF85B-D219-4314-AB22-76E5ACD429F1}.Debug|Any CPU.ActiveCfg = Debug|Any CPU
		{B30CF85B-D219-4314-AB22-76E5ACD429F1}.Debug|Any CPU.Build.0 = Debug|Any CPU
		{B30CF85B-D219-4314-AB22-76E5ACD429F1}.Release|Any CPU.ActiveCfg = Release|Any CPU
		{B30CF85B-D219-4314-AB22-76E5ACD429F1}.Release|Any CPU.Build.0 = Release|Any CPU
	EndGlobalSection
	GlobalSection(SolutionProperties) = preSolution
		HideSolutionNode = FALSE
	EndGlobalSection
	GlobalSection(ExtensibilityGlobals) = postSolution
		SolutionGuid = {F7BDB79A-A8BA-4558-AB60-B72CB9FAF91B}
	EndGlobalSection
EndGlobal
